github.com/go-redis/redis v6.15.0+incompatible h1:/Wib9cA7CF3SQxBZRMHyQvqzlwzc8PJGDMkRfqQebSE=
github.com/go-redis/redis v6.15.0+incompatible/go.mod h1:NAIEuMOZ/fxfXJIrKDQDz8wamY7mA7PouImQ2Jvg6kA=
github.com/go-redis/redis v6.15.1+incompatible h1:BZ9s4/vHrIqwOb0OPtTQ5uABxETJ3NRuUNoSUurnkew=
github.com/go-redis/redis v6.15.1+incompatible/go.mod h1:NAIEuMOZ/fxfXJIrKDQDz8wamY7mA7PouImQ2Jvg6kA=
github.com/google/go-cmp v0.2.0/go.mod h1:oXzfMopK8JAjlY9xF4vHSVASa0yLyX7SntLO5aqRK0M=
github.com/google/wire v0.2.0 h1:l8O+yxT6Kx49nR2KzotgPOQpHFcIvpDY0rGzlCZ1wIE=
github.com/google/wire v0.2.0/go.mod h1:ptBl5bWD3nzmJHVNwYHV3v4wdtKzBMlU2YbtKQCG9GI=
github.com/microredis/tools v0.0.0-20190110175036-524ffa60acd4 h1:hN64+34woWytF3LGNSqrue96xd+z3HmYOxOkoB85mAI=
github.com/microredis/tools v0.0.0-20190110175036-524ffa60acd4/go.mod h1:QgZ583LHnlOJ1jC5pgUIsMNrrSfqZDLNDcHR4JruiJo=
github.com/microredis/tools v0.0.0-20190110212942-e344d1ec4efe h1:Bgdw0Sef9H5kbKd09NzlnamcqfbBhOwuVGW03M5aDdA=
github.com/microredis/tools v0.0.0-20190110212942-e344d1ec4efe/go.mod h1:QgZ583LHnlOJ1jC5pgUIsMNrrSfqZDLNDcHR4JruiJo=
github.com/pmezard/go-difflib v1.0.0 h1:4DBwDE0NGyQoBHbLQYPwSUPoCMWR5BEzIk/f1lZbAQM=
github.com/pmezard/go-difflib v1.0.0/go.mod h1:iKH77koFhYxTK1pcRnkKkqfTogsbg7gZNVY4sRDYZ/4=
golang.org/x/tools v0.0.0-20181017214349-06f26fdaaa28 h1:vnbqcYKfOxPnXXUlBo7t+R4pVIh0wInyOSNxih1S9Dc=
golang.org/x/tools v0.0.0-20181017214349-06f26fdaaa28/go.mod h1:n7NCudcB/nEzxVGmLbDWY5pfWTLqBcC2KZ6jyYvM4mQ=
golang.org/x/tools v0.0.0-20190110211028-68c5ac90f574 h1:sNWcmYE7tNFTCVg/HrEF29VgTSwiTN4xxhc0i2dhJ44=
golang.org/x/tools v0.0.0-20190110211028-68c5ac90f574/go.mod h1:n7NCudcB/nEzxVGmLbDWY5pfWTLqBcC2KZ6jyYvM4mQ=
